
Microsoft Visual Studio Solution File, Format Version 12.00
# Visual Studio Version 16
VisualStudioVersion = 16.0.31321.278
MinimumVisualStudioVersion = 10.0.40219.1
Project("{FAE04EC0-301F-11D3-BF4B-00C04F79EFBC}") = "ConsoleApp2", "ConsoleApp2\ConsoleApp2.csproj", "{D0565956-8178-454E-A657-3573DC309EA9}"
EndProject
Global
	GlobalSection(SolutionConfigurationPlatforms) = preSolution
		Debug|Any CPU = Debug|Any CPU
		Release|Any CPU = Release|Any CPU
	EndGlobalSection
	GlobalSection(ProjectConfigurationPlatforms) = postSolution
		{D0565956-8178-454E-A657-3573DC309EA9}.Debug|Any CPU.ActiveCfg = Debug|Any CPU
		{D0565956-8178-454E-A657-3573DC309EA9}.Debug|Any CPU.Build.0 = Debug|Any CPU
		{D0565956-8178-454E-A657-3573DC309EA9}.Release|Any CPU.ActiveCfg = Release|Any CPU
		{D0565956-8178-454E-A657-3573DC309EA9}.Release|Any CPU.Build.0 = Release|Any CPU
	EndGlobalSection
	GlobalSection(SolutionProperties) = preSolution
		HideSolutionNode = FALSE
	EndGlobalSection
	GlobalSection(ExtensibilityGlobals) = postSolution
		SolutionGuid = {61A1B457-25DF-41F0-BFFD-DF200BFDCE66}
	EndGlobalSection
EndGlobal
